Microsoft Visual Studio Solution File, Format Version 11.00
# Visual Studio 2008

Project("{F353ACF3-5B0F-6C9F-A314-9B0C3027BCAE}") = "Prototype-Stuffwar", "Assembly-CSharp-firstpass.csproj", "{6624160B-097F-5D4C-7A72-14C2581D7A66}"
EndProject
Project("{F353ACF3-5B0F-6C9F-A314-9B0C3027BCAE}") = "Prototype-Stuffwar", "Assembly-CSharp.csproj", "{3D479131-658A-EF7E-2719-3E1058DB0D4A}"
EndProject
Global
	GlobalSection(SolutionConfigurationPlatforms) = preSolution
		Debug|Any CPU = Debug|Any CPU
		Release|Any CPU = Release|Any CPU
	EndGlobalSection
	GlobalSection(ProjectConfigurationPlatforms) = postSolution
		{6624160B-097F-5D4C-7A72-14C2581D7A66}.Debug|Any CPU.ActiveCfg = Debug|Any CPU
		{6624160B-097F-5D4C-7A72-14C2581D7A66}.Debug|Any CPU.Build.0 = Debug|Any CPU
		{6624160B-097F-5D4C-7A72-14C2581D7A66}.Release|Any CPU.ActiveCfg = Release|Any CPU
		{6624160B-097F-5D4C-7A72-14C2581D7A66}.Release|Any CPU.Build.0 = Release|Any CPU
		{3D479131-658A-EF7E-2719-3E1058DB0D4A}.Debug|Any CPU.ActiveCfg = Debug|Any CPU
		{3D479131-658A-EF7E-2719-3E1058DB0D4A}.Debug|Any CPU.Build.0 = Debug|Any CPU
		{3D479131-658A-EF7E-2719-3E1058DB0D4A}.Release|Any CPU.ActiveCfg = Release|Any CPU
		{3D479131-658A-EF7E-2719-3E1058DB0D4A}.Release|Any CPU.Build.0 = Release|Any CPU
	EndGlobalSection
	GlobalSection(SolutionProperties) = preSolution
		HideSolutionNode = FALSE
	EndGlobalSection
	GlobalSection(MonoDevelopProperties) = preSolution
		StartupItem = Assembly-CSharp.csproj
	EndGlobalSection
EndGlobal
